Microsoft Visual Studio Solution File, Format Version 12.00
# Visual Studio Version 17
VisualStudioVersion = 17.5.2.0
MinimumVisualStudioVersion = 10.0.40219.1
Project("{FAE04EC0-301F-11D3-BF4B-00C04F79EFBC}") = "Lab1New", "Lab1New.csproj", "{0D371607-1A2A-E2D9-42F4-B5E3F90E7480}"
EndProject
Project("{FAE04EC0-301F-11D3-BF4B-00C04F79EFBC}") = "Lab1.Tests", "Lab1.Tests\Lab1.Tests.csproj", "{AB17BB26-FF22-1746-1EB2-D55AC41A3234}"
EndProject
Global
	GlobalSection(SolutionConfigurationPlatforms) = preSolution
		Debug|Any CPU = Debug|Any CPU
		Release|Any CPU = Release|Any CPU
	EndGlobalSection
	GlobalSection(ProjectConfigurationPlatforms) = postSolution
		{0D371607-1A2A-E2D9-42F4-B5E3F90E7480}.Debug|Any CPU.ActiveCfg = Debug|Any CPU
		{0D371607-1A2A-E2D9-42F4-B5E3F90E7480}.Debug|Any CPU.Build.0 = Debug|Any CPU
		{0D371607-1A2A-E2D9-42F4-B5E3F90E7480}.Release|Any CPU.ActiveCfg = Release|Any CPU
		{0D371607-1A2A-E2D9-42F4-B5E3F90E7480}.Release|Any CPU.Build.0 = Release|Any CPU
		{AB17BB26-FF22-1746-1EB2-D55AC41A3234}.Debug|Any CPU.ActiveCfg = Debug|Any CPU
		{AB17BB26-FF22-1746-1EB2-D55AC41A3234}.Debug|Any CPU.Build.0 = Debug|Any CPU
		{AB17BB26-FF22-1746-1EB2-D55AC41A3234}.Release|Any CPU.ActiveCfg = Release|Any CPU
		{AB17BB26-FF22-1746-1EB2-D55AC41A3234}.Release|Any CPU.Build.0 = Release|Any CPU
	EndGlobalSection
	GlobalSection(SolutionProperties) = preSolution
		HideSolutionNode = FALSE
	EndGlobalSection
	GlobalSection(ExtensibilityGlobals) = postSolution
		SolutionGuid = {4E07566D-E200-4205-A55D-DD8E2917F3D5}
	EndGlobalSection
EndGlobal
